
Microsoft Visual Studio Solution File, Format Version 12.00
# Visual Studio 15
Project("{FAE04EC0-301F-11D3-BF4B-00C04F79EFBC}") = "Assembly-CSharp", "Assembly-CSharp.csproj", "{E13E8FAB-B30D-5FE4-73C1-EEA72B4B3F26}"
EndProject
Project("{FAE04EC0-301F-11D3-BF4B-00C04F79EFBC}") = "Assembly-CSharp-Editor", "Assembly-CSharp-Editor.csproj", "{B5FA0FB8-973C-0E50-A6CF-FF9A0152EADA}"
EndProject
Global
	GlobalSection(SolutionConfigurationPlatforms) = preSolution
		Debug|Any CPU = Debug|Any CPU
		Release|Any CPU = Release|Any CPU
	EndGlobalSection
	GlobalSection(ProjectConfigurationPlatforms) = postSolution
		{E13E8FAB-B30D-5FE4-73C1-EEA72B4B3F26}.Debug|Any CPU.ActiveCfg = Debug|Any CPU
		{E13E8FAB-B30D-5FE4-73C1-EEA72B4B3F26}.Debug|Any CPU.Build.0 = Debug|Any CPU
		{E13E8FAB-B30D-5FE4-73C1-EEA72B4B3F26}.Release|Any CPU.ActiveCfg = Release|Any CPU
		{E13E8FAB-B30D-5FE4-73C1-EEA72B4B3F26}.Release|Any CPU.Build.0 = Release|Any CPU
		{B5FA0FB8-973C-0E50-A6CF-FF9A0152EADA}.Debug|Any CPU.ActiveCfg = Debug|Any CPU
		{B5FA0FB8-973C-0E50-A6CF-FF9A0152EADA}.Debug|Any CPU.Build.0 = Debug|Any CPU
		{B5FA0FB8-973C-0E50-A6CF-FF9A0152EADA}.Release|Any CPU.ActiveCfg = Release|Any CPU
		{B5FA0FB8-973C-0E50-A6CF-FF9A0152EADA}.Release|Any CPU.Build.0 = Release|Any CPU
	EndGlobalSection
	GlobalSection(SolutionProperties) = preSolution
		HideSolutionNode = FALSE
	EndGlobalSection
EndGlobal
